{
  "version": 4,
  "terraform_version": "1.0.10",
  "serial": 88,
  "lineage": "18cfb84e-6de7-2358-a7f2-8ac6be08240f",
  "outputs": {},
  "resources": [
    {
      "module": "module.AppServer",
      "mode": "managed",
      "type": "google_compute_network",
      "name": "wp_vpc",
      "provider": "module.AppServer.provider[\"registry.terraform.io/hashicorp/google\"]",
      "instances": [
        {
          "schema_version": 0,
          "attributes": {
            "auto_create_subnetworks": false,
            "delete_default_routes_on_create": false,
            "description": "",
            "gateway_ipv4": "",
            "id": "projects/production-project-342905/global/networks/wp-vpc",
            "mtu": 0,
            "name": "wp-vpc",
            "project": "production-project-342905",
            "routing_mode": "REGIONAL",
            "self_link": "https://www.googleapis.com/compute/v1/projects/production-project-342905/global/networks/wp-vpc",
            "timeouts": null
          },
          "sensitive_attributes": [],
          "private": "eyJlMmJmYjczMC1lY2FhLTExZTYtOGY4OC0zNDM2M2JjN2M0YzAiOnsiY3JlYXRlIjoxMjAwMDAwMDAwMDAwLCJkZWxldGUiOjEyMDAwMDAwMDAwMDAsInVwZGF0ZSI6MTIwMDAwMDAwMDAwMH19"
        }
      ]
    },
    {
      "module": "module.AppServer",
      "mode": "managed",
      "type": "google_compute_network_peering",
      "name": "peering1",
      "provider": "module.AppServer.provider[\"registry.terraform.io/hashicorp/google\"]",
      "instances": [
        {
          "schema_version": 0,
          "attributes": {
            "export_custom_routes": false,
            "export_subnet_routes_with_public_ip": true,
            "id": "wp-vpc/peering1",
            "import_custom_routes": false,
            "import_subnet_routes_with_public_ip": false,
            "name": "peering1",
            "network": "projects/production-project-342905/global/networks/wp-vpc",
            "peer_network": "https://www.googleapis.com/compute/v1/projects/development-project-342905/global/networks/sql-vpc",
            "state": "ACTIVE",
            "state_details": "[2022-03-03T20:38:24.164-08:00]: Connected.",
            "timeouts": null
          },
          "sensitive_attributes": [],
          "private": "eyJlMmJmYjczMC1lY2FhLTExZTYtOGY4OC0zNDM2M2JjN2M0YzAiOnsiY3JlYXRlIjoyNDAwMDAwMDAwMDAsImRlbGV0ZSI6MjQwMDAwMDAwMDAwLCJ1cGRhdGUiOjI0MDAwMDAwMDAwMH19",
          "dependencies": [
            "module.AppServer.google_compute_network.wp_vpc",
            "module.DBServer.google_compute_network.sql_vpc"
          ]
        }
      ]
    },
    {
      "module": "module.DBServer",
      "mode": "managed",
      "type": "google_compute_network",
      "name": "sql_vpc",
      "provider": "module.DBServer.provider[\"registry.terraform.io/hashicorp/google\"]",
      "instances": [
        {
          "schema_version": 0,
          "attributes": {
            "auto_create_subnetworks": false,
            "delete_default_routes_on_create": false,
            "description": "",
            "gateway_ipv4": "",
            "id": "projects/development-project-342905/global/networks/sql-vpc",
            "mtu": 0,
            "name": "sql-vpc",
            "project": "development-project-342905",
            "routing_mode": "REGIONAL",
            "self_link": "https://www.googleapis.com/compute/v1/projects/development-project-342905/global/networks/sql-vpc",
            "timeouts": null
          },
          "sensitive_attributes": [],
          "private": "eyJlMmJmYjczMC1lY2FhLTExZTYtOGY4OC0zNDM2M2JjN2M0YzAiOnsiY3JlYXRlIjoxMjAwMDAwMDAwMDAwLCJkZWxldGUiOjEyMDAwMDAwMDAwMDAsInVwZGF0ZSI6MTIwMDAwMDAwMDAwMH19"
        }
      ]
    },
    {
      "module": "module.DBServer",
      "mode": "managed",
      "type": "google_sql_database_instance",
      "name": "sql_db",
      "provider": "module.DBServer.provider[\"registry.terraform.io/hashicorp/google\"]",
      "instances": [
        {
          "schema_version": 0,
          "attributes": {
            "clone": [],
            "connection_name": "development-project-342905:asia-southeast1:sqldb102",
            "database_version": "MYSQL_5_7",
            "deletion_protection": false,
            "first_ip_address": "34.124.209.196",
            "id": "sqldb102",
            "ip_address": [
              {
                "ip_address": "34.124.209.196",
                "time_to_retire": "",
                "type": "PRIMARY"
              }
            ],
            "master_instance_name": "",
            "name": "sqldb102",
            "private_ip_address": "",
            "project": "development-project-342905",
            "public_ip_address": "34.124.209.196",
            "region": "asia-southeast1",
            "replica_configuration": [],
            "restore_backup_context": [],
            "root_password": null,
            "self_link": "https://sqladmin.googleapis.com/sql/v1beta4/projects/development-project-342905/instances/sqldb102",
            "server_ca_cert": [
              {
                "cert": "-----BEGIN CERTIFICATE-----\nMIIDfzCCAmegAwIBAgIBADANBgkqhkiG9w0BAQsFADB3MS0wKwYDVQQuEyRhY2Mz\nNjAzMi02MDc0LTQyYWYtODE3My1mMmE4ZTYyMzgxOWExIzAhBgNVBAMTGkdvb2ds\nZSBDbG91ZCBTUUwgU2VydmVyIENBMRQwEgYDVQQKEwtHb29nbGUsIEluYzELMAkG\nA1UEBhMCVVMwHhcNMjIwMzA0MDQ1MjMyWhcNMzIwMzAxMDQ1MzMyWjB3MS0wKwYD\nVQQuEyRhY2MzNjAzMi02MDc0LTQyYWYtODE3My1mMmE4ZTYyMzgxOWExIzAhBgNV\nBAMTGkdvb2dsZSBDbG91ZCBTUUwgU2VydmVyIENBMRQwEgYDVQQKEwtHb29nbGUs\nIEluYzELMAkGA1UEBhMCVVMwggEiMA0GCSqGSIb3DQEBAQUAA4IBDwAwggEKAoIB\nAQDruMygqgSSYi/gzhfxKsQscqeK+BTOblAKxfRjptopaHrArEEczfFjFgb6ZYvW\nmNOLNpCMUZxTkZmk21PN/dtwdgEd2Z2TU9V9GD88rvxxIqu6HIy4brQgIDw1GC8M\nG/mKf6tI7WKTL+PlnILssT0++BdBw/Y8bgt1UvcEmG32co6N4reMofdBX9Q390jx\nUyAm6zHhib5z84wqp6U+/QNidOnN9bZguxbFo2WfV3wjP6OmDzJZuVCQyZWICwaN\nYgdYBhMYFiVnFk//5ryPCtZ/zd/DZHjcbVr0B5vpha7HyJiYG67CUfbQzf55ctDB\no8+5kQvjlRZfJFuxyfCnNpurAgMBAAGjFjAUMBIGA1UdEwEB/wQIMAYBAf8CAQAw\nDQYJKoZIhvcNAQELBQADggEBALb8RWWJG5y+KWZAxAC33Xg61DdtcI0pzbw+7WAz\ns+UigD2BlviWbYahOh1zPv0yUP1kNU30ihLCfpK8Vw2eyiEaTKzoBtiYc3/j0YsT\nxE99mU7jZHayMZm0LOfVpK1B7qlndzUIgHt8+9eGwF76mUt3xAE+eEj/T6Nx4Plh\nx87GYfbAyzjp3d+HmwuG441zoxFXdki31rletVc6WxQZXM0SSD8yZKtKr7/PgdD6\nJWo4vYdMyHo7CWNbhjYE5TUC518KHOcYixXXu0c9WIXA7FrbVYPy6IpkjYi90Lj2\nam2X3N+LWd+aikpRZ+lTjIzd0xpkNCp68UjgSEnbRpa2WpY=\n-----END CERTIFICATE-----",
                "common_name": "C=US,O=Google\\, Inc,CN=Google Cloud SQL Server CA,dnQualifier=acc36032-6074-42af-8173-f2a8e623819a",
                "create_time": "2022-03-04T04:52:32.263Z",
                "expiration_time": "2032-03-01T04:53:32.263Z",
                "sha1_fingerprint": "7b6bc1a20ea66bc66213f2fb122b377f0730480f"
              }
            ],
            "service_account_email_address": "p931275597568-fjeb0c@gcp-sa-cloud-sql.iam.gserviceaccount.com",
            "settings": [
              {
                "activation_policy": "ALWAYS",
                "availability_type": "ZONAL",
                "backup_configuration": [
                  {
                    "backup_retention_settings": [
                      {
                        "retained_backups": 7,
                        "retention_unit": "COUNT"
                      }
                    ],
                    "binary_log_enabled": false,
                    "enabled": false,
                    "location": "",
                    "point_in_time_recovery_enabled": false,
                    "start_time": "16:00",
                    "transaction_log_retention_days": 7
                  }
                ],
                "collation": "",
                "database_flags": [],
                "disk_autoresize": true,
                "disk_autoresize_limit": 0,
                "disk_size": 10,
                "disk_type": "PD_SSD",
                "insights_config": [],
                "ip_configuration": [
                  {
                    "allocated_ip_range": "",
                    "authorized_networks": [
                      {
                        "expiration_time": "",
                        "name": "wpSQLconnect",
                        "value": "0.0.0.0/0"
                      }
                    ],
                    "ipv4_enabled": true,
                    "private_network": "",
                    "require_ssl": false
                  }
                ],
                "location_preference": [
                  {
                    "follow_gae_application": "",
                    "zone": "asia-southeast1-b"
                  }
                ],
                "maintenance_window": [],
                "pricing_plan": "PER_USE",
                "tier": "db-f1-micro",
                "user_labels": {},
                "version": 7
              }
            ],
            "timeouts": null
          },
          "sensitive_attributes": [],
          "private": "eyJlMmJmYjczMC1lY2FhLTExZTYtOGY4OC0zNDM2M2JjN2M0YzAiOnsiY3JlYXRlIjoxODAwMDAwMDAwMDAwLCJkZWxldGUiOjE4MDAwMDAwMDAwMDAsInVwZGF0ZSI6MTgwMDAwMDAwMDAwMH19",
          "dependencies": [
            "module.DBServer.google_compute_network.sql_vpc"
          ]
        }
      ]
    }
  ]
}
